
Microsoft Visual Studio Solution File, Format Version 12.00
# Visual Studio Version 17
VisualStudioVersion = 17.4.33213.308
MinimumVisualStudioVersion = 10.0.40219.1
Project("{9A19103F-16F7-4668-BE54-9A1E7A4F7556}") = "DCBossesScripts", "DCBossesScripts.csproj", "{40520970-8FF3-40EC-921C-029C0CAF6A74}"
EndProject
Project("{2150E333-8FDC-42A3-9474-1A3956D46DE8}") = "CI", "CI", "{3BEBE95F-9086-4536-AF4E-AD67C28BDB5C}"
	ProjectSection(SolutionItems) = preProject
		..\.github\workflows\build.yml = ..\.github\workflows\build.yml
	EndProjectSection
EndProject
Global
	GlobalSection(SolutionConfigurationPlatforms) = preSolution
		Debug|Any CPU = Debug|Any CPU
		Release|Any CPU = Release|Any CPU
	EndGlobalSection
	GlobalSection(ProjectConfigurationPlatforms) = postSolution
		{40520970-8FF3-40EC-921C-029C0CAF6A74}.Debug|Any CPU.ActiveCfg = Debug|Any CPU
		{40520970-8FF3-40EC-921C-029C0CAF6A74}.Debug|Any CPU.Build.0 = Debug|Any CPU
		{40520970-8FF3-40EC-921C-029C0CAF6A74}.Release|Any CPU.ActiveCfg = Release|Any CPU
		{40520970-8FF3-40EC-921C-029C0CAF6A74}.Release|Any CPU.Build.0 = Release|Any CPU
	EndGlobalSection
	GlobalSection(SolutionProperties) = preSolution
		HideSolutionNode = FALSE
	EndGlobalSection
	GlobalSection(ExtensibilityGlobals) = postSolution
		SolutionGuid = {683EA4C8-98D2-4163-BBB7-578C73295FBE}
	EndGlobalSection
EndGlobal
