
Microsoft Visual Studio Solution File, Format Version 11.00
# Visual Studio 2010
Project("{FAE04EC0-301F-11D3-BF4B-00C04F79EFBC}") = "Assembly-CSharp", "Assembly-CSharp.csproj", "{312f07e1-3e75-5121-1357-70991df78f46}"
EndProject
Project("{FAE04EC0-301F-11D3-BF4B-00C04F79EFBC}") = "HKTool.FakeHK", "HKTool.FakeHK.csproj", "{d127368d-57b3-c3ed-f221-0284ac7533fa}"
EndProject
Project("{FAE04EC0-301F-11D3-BF4B-00C04F79EFBC}") = "DCBossesScripts", "DCBossesScripts.csproj", "{c44f6860-0c50-4fe4-4d06-63831d1e9f4d}"
EndProject
Project("{FAE04EC0-301F-11D3-BF4B-00C04F79EFBC}") = "Assembly-CSharp-Editor", "Assembly-CSharp-Editor.csproj", "{d4062fbf-5650-1cec-f835-996217f7c1c6}"
EndProject
Project("{FAE04EC0-301F-11D3-BF4B-00C04F79EFBC}") = "DeadCellsBosses", "DeadCellsBosses.csproj", "{E9301168-F138-4F50-B6D3-7358569378B5}"
EndProject
Global
	GlobalSection(SolutionConfigurationPlatforms) = preSolution
		Debug|Any CPU = Debug|Any CPU
	EndGlobalSection
	GlobalSection(ProjectConfigurationPlatforms) = postSolution
		{312f07e1-3e75-5121-1357-70991df78f46}.Debug|Any CPU.ActiveCfg = Debug|Any CPU
		{312f07e1-3e75-5121-1357-70991df78f46}.Debug|Any CPU.Build.0 = Debug|Any CPU
		{d127368d-57b3-c3ed-f221-0284ac7533fa}.Debug|Any CPU.ActiveCfg = Debug|Any CPU
		{d127368d-57b3-c3ed-f221-0284ac7533fa}.Debug|Any CPU.Build.0 = Debug|Any CPU
		{c44f6860-0c50-4fe4-4d06-63831d1e9f4d}.Debug|Any CPU.ActiveCfg = Debug|Any CPU
		{c44f6860-0c50-4fe4-4d06-63831d1e9f4d}.Debug|Any CPU.Build.0 = Debug|Any CPU
		{d4062fbf-5650-1cec-f835-996217f7c1c6}.Debug|Any CPU.ActiveCfg = Debug|Any CPU
		{d4062fbf-5650-1cec-f835-996217f7c1c6}.Debug|Any CPU.Build.0 = Debug|Any CPU
		{E9301168-F138-4F50-B6D3-7358569378B5}.Debug|Any CPU.ActiveCfg = Debug|Any CPU
		{E9301168-F138-4F50-B6D3-7358569378B5}.Debug|Any CPU.Build.0 = Debug|Any CPU
	EndGlobalSection
	GlobalSection(SolutionProperties) = preSolution
		HideSolutionNode = FALSE
	EndGlobalSection
EndGlobal
